
Microsoft Visual Studio Solution File, Format Version 12.00
# Visual Studio Version 17
VisualStudioVersion = 17.14.36408.4
MinimumVisualStudioVersion = 10.0.40219.1
Project("{FAE04EC0-301F-11D3-BF4B-00C04F79EFBC}") = "HAM", "HAM.csproj", "{909064D7-1F1B-4797-B6C0-A65705BDB02F}"
EndProject
Project("{54435603-DBB4-11D2-8724-00A0C9A8B90C}") = "Setup2", "..\Setup2\Setup2.vdproj", "{1A50F69A-E55C-160D-6004-8021BDCB8EAA}"
EndProject
Global
	GlobalSection(SolutionConfigurationPlatforms) = preSolution
		Debug|Any CPU = Debug|Any CPU
		Release|Any CPU = Release|Any CPU
	EndGlobalSection
	GlobalSection(ProjectConfigurationPlatforms) = postSolution
		{909064D7-1F1B-4797-B6C0-A65705BDB02F}.Debug|Any CPU.ActiveCfg = Debug|Any CPU
		{909064D7-1F1B-4797-B6C0-A65705BDB02F}.Debug|Any CPU.Build.0 = Debug|Any CPU
		{909064D7-1F1B-4797-B6C0-A65705BDB02F}.Release|Any CPU.ActiveCfg = Release|Any CPU
		{909064D7-1F1B-4797-B6C0-A65705BDB02F}.Release|Any CPU.Build.0 = Release|Any CPU
		{1A50F69A-E55C-160D-6004-8021BDCB8EAA}.Debug|Any CPU.ActiveCfg = Debug
		{1A50F69A-E55C-160D-6004-8021BDCB8EAA}.Release|Any CPU.ActiveCfg = Release
	EndGlobalSection
	GlobalSection(SolutionProperties) = preSolution
		HideSolutionNode = FALSE
	EndGlobalSection
	GlobalSection(ExtensibilityGlobals) = postSolution
		SolutionGuid = {77297C24-BB1D-42C3-AADA-8C7AA20031CF}
	EndGlobalSection
EndGlobal
